
Microsoft Visual Studio Solution File, Format Version 12.00
# Visual Studio Version 17
VisualStudioVersion = 17.0.31912.275
MinimumVisualStudioVersion = 10.0.40219.1
Project("{FAE04EC0-301F-11D3-BF4B-00C04F79EFBC}") = "UniMenes", "UniMenes\UniMenes.csproj", "{B5FCF5FE-0C5F-40FB-AEE4-F5599ACD9BAB}"
EndProject
Project("{FAE04EC0-301F-11D3-BF4B-00C04F79EFBC}") = "TojasGyar", "TojasGyar\TojasGyar.csproj", "{06FC1FCC-C87B-4A48-8219-8D704D7DEE28}"
EndProject
Project("{FAE04EC0-301F-11D3-BF4B-00C04F79EFBC}") = "Utazasi_Iroda", "Utazasi_Iroda\Utazasi_Iroda.csproj", "{01AEE3DA-F7F9-4081-9BDF-7451EC73B223}"
EndProject
Global
	GlobalSection(SolutionConfigurationPlatforms) = preSolution
		Debug|Any CPU = Debug|Any CPU
		Release|Any CPU = Release|Any CPU
	EndGlobalSection
	GlobalSection(ProjectConfigurationPlatforms) = postSolution
		{B5FCF5FE-0C5F-40FB-AEE4-F5599ACD9BAB}.Debug|Any CPU.ActiveCfg = Debug|Any CPU
		{B5FCF5FE-0C5F-40FB-AEE4-F5599ACD9BAB}.Debug|Any CPU.Build.0 = Debug|Any CPU
		{B5FCF5FE-0C5F-40FB-AEE4-F5599ACD9BAB}.Release|Any CPU.ActiveCfg = Release|Any CPU
		{B5FCF5FE-0C5F-40FB-AEE4-F5599ACD9BAB}.Release|Any CPU.Build.0 = Release|Any CPU
		{06FC1FCC-C87B-4A48-8219-8D704D7DEE28}.Debug|Any CPU.ActiveCfg = Debug|Any CPU
		{06FC1FCC-C87B-4A48-8219-8D704D7DEE28}.Debug|Any CPU.Build.0 = Debug|Any CPU
		{06FC1FCC-C87B-4A48-8219-8D704D7DEE28}.Release|Any CPU.ActiveCfg = Release|Any CPU
		{06FC1FCC-C87B-4A48-8219-8D704D7DEE28}.Release|Any CPU.Build.0 = Release|Any CPU
		{01AEE3DA-F7F9-4081-9BDF-7451EC73B223}.Debug|Any CPU.ActiveCfg = Debug|Any CPU
		{01AEE3DA-F7F9-4081-9BDF-7451EC73B223}.Debug|Any CPU.Build.0 = Debug|Any CPU
		{01AEE3DA-F7F9-4081-9BDF-7451EC73B223}.Release|Any CPU.ActiveCfg = Release|Any CPU
		{01AEE3DA-F7F9-4081-9BDF-7451EC73B223}.Release|Any CPU.Build.0 = Release|Any CPU
	EndGlobalSection
	GlobalSection(SolutionProperties) = preSolution
		HideSolutionNode = FALSE
	EndGlobalSection
	GlobalSection(ExtensibilityGlobals) = postSolution
		SolutionGuid = {3C808860-7A28-4202-931F-7007E837217A}
	EndGlobalSection
EndGlobal
